# THIS IS AN AUTOGENERATED FILE. DO NOT EDIT THIS FILE DIRECTLY.
# yarn lockfile v1


images@^3.2.4:
  version "3.2.4"
  resolved "https://registry.npmmirror.com/images/-/images-3.2.4.tgz#18191d88c7d2a06f772b669a1b3d7d09613fc55b"
  integrity sha512-Uq61/Q8XixCRyKvws7tPwboK0O70Dbr4kMQZHw2dqdEhnU6TpaGwyMg0vzQ4aaGtrO9N3etq46XwF7hxbqp8ug==
